// !$*UTF8*$!
{
	archiveVersion = 1;
	classes = {
	};
	objectVersion = 56;
	objects = {

/* Begin PBXBuildFile section */
		3377C9372A2F3B79007C7971 /* Time_TimeBoxPart.swift in Sources */ = {isa = PBXBuildFile; fileRef = 3377C9362A2F3B78007C7971 /* Time_TimeBoxPart.swift */; };
		3377C9392A2F47DB007C7971 /* Time_TimeDay.swift in Sources */ = {isa = PBXBuildFile; fileRef = 3377C9382A2F47DB007C7971 /* Time_TimeDay.swift */; };
		3377C93B2A2F6D00007C7971 /* Time_TimeDay1.swift in Sources */ = {isa = PBXBuildFile; fileRef = 3377C93A2A2F6D00007C7971 /* Time_TimeDay1.swift */; };
		3377C93D2A2F6D06007C7971 /* Time_TimeDay2.swift in Sources */ = {isa = PBXBuildFile; fileRef = 3377C93C2A2F6D06007C7971 /* Time_TimeDay2.swift */; };
		3377C9B92A31F267007C7971 /* Time_Callender.swift in Sources */ = {isa = PBXBuildFile; fileRef = 3377C9B82A31F267007C7971 /* Time_Callender.swift */; };
		337E194B2A35A36600AA75C4 /* Time_info.swift in Sources */ = {isa = PBXBuildFile; fileRef = 337E194A2A35A36600AA75C4 /* Time_info.swift */; };
		337E194D2A35A75E00AA75C4 /* Time_number.swift in Sources */ = {isa = PBXBuildFile; fileRef = 337E194C2A35A75E00AA75C4 /* Time_number.swift */; };
		3388E5142A2D534300A03C9B /* GiApp.swift in Sources */ = {isa = PBXBuildFile; fileRef = 3388E5132A2D534300A03C9B /* GiApp.swift */; };
		3388E5162A2D534300A03C9B /* TimeView.swift in Sources */ = {isa = PBXBuildFile; fileRef = 3388E5152A2D534300A03C9B /* TimeView.swift */; };
		3388E5182A2D534500A03C9B /* Assets.xcassets in Resources */ = {isa = PBXBuildFile; fileRef = 3388E5172A2D534500A03C9B /* Assets.xcassets */; };
		3388E51B2A2D534500A03C9B /* Preview Assets.xcassets in Resources */ = {isa = PBXBuildFile; fileRef = 3388E51A2A2D534500A03C9B /* Preview Assets.xcassets */; };
		3388E5252A2D53E200A03C9B /* Time_TimeLinePart.swift in Sources */ = {isa = PBXBuildFile; fileRef = 3388E5242A2D53E200A03C9B /* Time_TimeLinePart.swift */; };
		3388E5272A2D53F300A03C9B /* Time_TimeBox.swift in Sources */ = {isa = PBXBuildFile; fileRef = 3388E5262A2D53F300A03C9B /* Time_TimeBox.swift */; };
		339FED3F2A40001100F6818B /* small.swift in Sources */ = {isa = PBXBuildFile; fileRef = 339FED3E2A40001100F6818B /* small.swift */; };
		33FBFFEF2A343D1B00990704 /* SettingView.swift in Sources */ = {isa = PBXBuildFile; fileRef = 33FBFFEE2A343D1B00990704 /* SettingView.swift */; };
		33FBFFF12A34404400990704 /* Setting_Title.swift in Sources */ = {isa = PBXBuildFile; fileRef = 33FBFFF02A34404400990704 /* Setting_Title.swift */; };
		33FBFFF32A34420300990704 /* Setting_sub.swift in Sources */ = {isa = PBXBuildFile; fileRef = 33FBFFF22A34420300990704 /* Setting_sub.swift */; };
/* End PBXBuildFile section */

/* Begin PBXFileReference section */
		3377C9362A2F3B78007C7971 /* Time_TimeBoxPart.swift */ = {isa = PBXFileReference; lastKnownFileType = sourcecode.swift; path = Time_TimeBoxPart.swift; sourceTree = "<group>"; };
		3377C9382A2F47DB007C7971 /* Time_TimeDay.swift */ = {isa = PBXFileReference; lastKnownFileType = sourcecode.swift; path = Time_TimeDay.swift; sourceTree = "<group>"; };
		3377C93A2A2F6D00007C7971 /* Time_TimeDay1.swift */ = {isa = PBXFileReference; lastKnownFileType = sourcecode.swift; path = Time_TimeDay1.swift; sourceTree = "<group>"; };
		3377C93C2A2F6D06007C7971 /* Time_TimeDay2.swift */ = {isa = PBXFileReference; lastKnownFileType = sourcecode.swift; path = Time_TimeDay2.swift; sourceTree = "<group>"; };
		3377C9B82A31F267007C7971 /* Time_Callender.swift */ = {isa = PBXFileReference; lastKnownFileType = sourcecode.swift; path = Time_Callender.swift; sourceTree = "<group>"; };
		337E194A2A35A36600AA75C4 /* Time_info.swift */ = {isa = PBXFileReference; lastKnownFileType = sourcecode.swift; path = Time_info.swift; sourceTree = "<group>"; };
		337E194C2A35A75E00AA75C4 /* Time_number.swift */ = {isa = PBXFileReference; lastKnownFileType = sourcecode.swift; path = Time_number.swift; sourceTree = "<group>"; };
		3388E5102A2D534300A03C9B /* Gi.app */ = {isa = PBXFileReference; explicitFileType = wrapper.application; includeInIndex = 0; path = Gi.app; sourceTree = BUILT_PRODUCTS_DIR; };
		3388E5132A2D534300A03C9B /* GiApp.swift */ = {isa = PBXFileReference; lastKnownFileType = sourcecode.swift; path = GiApp.swift; sourceTree = "<group>"; };
		3388E5152A2D534300A03C9B /* TimeView.swift */ = {isa = PBXFileReference; lastKnownFileType = sourcecode.swift; path = TimeView.swift; sourceTree = "<group>"; };
		3388E5172A2D534500A03C9B /* Assets.xcassets */ = {isa = PBXFileReference; lastKnownFileType = folder.assetcatalog; path = Assets.xcassets; sourceTree = "<group>"; };
		3388E51A2A2D534500A03C9B /* Preview Assets.xcassets */ = {isa = PBXFileReference; lastKnownFileType = folder.assetcatalog; path = "Preview Assets.xcassets"; sourceTree = "<group>"; };
		3388E5242A2D53E200A03C9B /* Time_TimeLinePart.swift */ = {isa = PBXFileReference; lastKnownFileType = sourcecode.swift; path = Time_TimeLinePart.swift; sourceTree = "<group>"; };
		3388E5262A2D53F300A03C9B /* Time_TimeBox.swift */ = {isa = PBXFileReference; lastKnownFileType = sourcecode.swift; path = Time_TimeBox.swift; sourceTree = "<group>"; };
		339FED3E2A40001100F6818B /* small.swift */ = {isa = PBXFileReference; lastKnownFileType = sourcecode.swift; path = small.swift; sourceTree = "<group>"; };
		33FBFFEE2A343D1B00990704 /* SettingView.swift */ = {isa = PBXFileReference; lastKnownFileType = sourcecode.swift; path = SettingView.swift; sourceTree = "<group>"; };
		33FBFFF02A34404400990704 /* Setting_Title.swift */ = {isa = PBXFileReference; lastKnownFileType = sourcecode.swift; path = Setting_Title.swift; sourceTree = "<group>"; };
		33FBFFF22A34420300990704 /* Setting_sub.swift */ = {isa = PBXFileReference; lastKnownFileType = sourcecode.swift; path = Setting_sub.swift; sourceTree = "<group>"; };
/* End PBXFileReference section */

/* Begin PBXFrameworksBuildPhase section */
		3388E50D2A2D534300A03C9B /* Frameworks */ = {
			isa = PBXFrameworksBuildPhase;
			buildActionMask = 2147483647;
			files = (
			);
			runOnlyForDeploymentPostprocessing = 0;
		};
/* End PBXFrameworksBuildPhase section */

/* Begin PBXGroup section */
		3388E5072A2D534300A03C9B = {
			isa = PBXGroup;
			children = (
				3388E5122A2D534300A03C9B /* Gi */,
				3388E5112A2D534300A03C9B /* Products */,
			);
			sourceTree = "<group>";
		};
		3388E5112A2D534300A03C9B /* Products */ = {
			isa = PBXGroup;
			children = (
				3388E5102A2D534300A03C9B /* Gi.app */,
			);
			name = Products;
			sourceTree = "<group>";
		};
		3388E5122A2D534300A03C9B /* Gi */ = {
			isa = PBXGroup;
			children = (
				3388E5132A2D534300A03C9B /* GiApp.swift */,
				3388E5152A2D534300A03C9B /* TimeView.swift */,
				33FBFFEE2A343D1B00990704 /* SettingView.swift */,
				3388E5212A2D538300A03C9B /* Time */,
				33FBFFED2A343CF300990704 /* Setting */,
				3388E5172A2D534500A03C9B /* Assets.xcassets */,
				3388E5192A2D534500A03C9B /* Preview Content */,
			);
			path = Gi;
			sourceTree = "<group>";
		};
		3388E5192A2D534500A03C9B /* Preview Content */ = {
			isa = PBXGroup;
			children = (
				3388E51A2A2D534500A03C9B /* Preview Assets.xcassets */,
			);
			path = "Preview Content";
			sourceTree = "<group>";
		};
		3388E5212A2D538300A03C9B /* Time */ = {
			isa = PBXGroup;
			children = (
				337E194A2A35A36600AA75C4 /* Time_info.swift */,
				339FED3E2A40001100F6818B /* small.swift */,
				3377C9362A2F3B78007C7971 /* Time_TimeBoxPart.swift */,
				3388E5262A2D53F300A03C9B /* Time_TimeBox.swift */,
				3377C9382A2F47DB007C7971 /* Time_TimeDay.swift */,
				3377C93A2A2F6D00007C7971 /* Time_TimeDay1.swift */,
				3377C93C2A2F6D06007C7971 /* Time_TimeDay2.swift */,
				3388E5242A2D53E200A03C9B /* Time_TimeLinePart.swift */,
				3377C9B82A31F267007C7971 /* Time_Callender.swift */,
				337E194C2A35A75E00AA75C4 /* Time_number.swift */,
			);
			path = Time;
			sourceTree = "<group>";
		};
		33FBFFED2A343CF300990704 /* Setting */ = {
			isa = PBXGroup;
			children = (
				33FBFFF02A34404400990704 /* Setting_Title.swift */,
				33FBFFF22A34420300990704 /* Setting_sub.swift */,
			);
			path = Setting;
			sourceTree = "<group>";
		};
/* End PBXGroup section */

/* Begin PBXNativeTarget section */
		3388E50F2A2D534300A03C9B /* Gi */ = {
			isa = PBXNativeTarget;
			buildConfigurationList = 3388E51E2A2D534500A03C9B /* Build configuration list for PBXNativeTarget "Gi" */;
			buildPhases = (
				3388E50C2A2D534300A03C9B /* Sources */,
				3388E50D2A2D534300A03C9B /* Frameworks */,
				3388E50E2A2D534300A03C9B /* Resources */,
			);
			buildRules = (
			);
			dependencies = (
			);
			name = Gi;
			productName = Gi;
			productReference = 3388E5102A2D534300A03C9B /* Gi.app */;
			productType = "com.apple.product-type.application";
		};
/* End PBXNativeTarget section */

/* Begin PBXProject section */
		3388E5082A2D534300A03C9B /* Project object */ = {
			isa = PBXProject;
			attributes = {
				BuildIndependentTargetsInParallel = 1;
				LastSwiftUpdateCheck = 1430;
				LastUpgradeCheck = 1430;
				TargetAttributes = {
					3388E50F2A2D534300A03C9B = {
						CreatedOnToolsVersion = 14.3;
					};
				};
			};
			buildConfigurationList = 3388E50B2A2D534300A03C9B /* Build configuration list for PBXProject "Gi" */;
			compatibilityVersion = "Xcode 14.0";
			developmentRegion = en;
			hasScannedForEncodings = 0;
			knownRegions = (
				en,
				Base,
			);
			mainGroup = 3388E5072A2D534300A03C9B;
			productRefGroup = 3388E5112A2D534300A03C9B /* Products */;
			projectDirPath = "";
			projectRoot = "";
			targets = (
				3388E50F2A2D534300A03C9B /* Gi */,
			);
		};
/* End PBXProject section */

/* Begin PBXResourcesBuildPhase section */
		3388E50E2A2D534300A03C9B /* Resources */ = {
			isa = PBXResourcesBuildPhase;
			buildActionMask = 2147483647;
			files = (
				3388E51B2A2D534500A03C9B /* Preview Assets.xcassets in Resources */,
				3388E5182A2D534500A03C9B /* Assets.xcassets in Resources */,
			);
			runOnlyForDeploymentPostprocessing = 0;
		};
/* End PBXResourcesBuildPhase section */

/* Begin PBXSourcesBuildPhase section */
		3388E50C2A2D534300A03C9B /* Sources */ = {
			isa = PBXSourcesBuildPhase;
			buildActionMask = 2147483647;
			files = (
				339FED3F2A40001100F6818B /* small.swift in Sources */,
				3377C9B92A31F267007C7971 /* Time_Callender.swift in Sources */,
				3377C9392A2F47DB007C7971 /* Time_TimeDay.swift in Sources */,
				3388E5162A2D534300A03C9B /* TimeView.swift in Sources */,
				3388E5272A2D53F300A03C9B /* Time_TimeBox.swift in Sources */,
				337E194D2A35A75E00AA75C4 /* Time_number.swift in Sources */,
				33FBFFF12A34404400990704 /* Setting_Title.swift in Sources */,
				3388E5142A2D534300A03C9B /* GiApp.swift in Sources */,
				3377C93D2A2F6D06007C7971 /* Time_TimeDay2.swift in Sources */,
				337E194B2A35A36600AA75C4 /* Time_info.swift in Sources */,
				3388E5252A2D53E200A03C9B /* Time_TimeLinePart.swift in Sources */,
				33FBFFF32A34420300990704 /* Setting_sub.swift in Sources */,
				3377C93B2A2F6D00007C7971 /* Time_TimeDay1.swift in Sources */,
				33FBFFEF2A343D1B00990704 /* SettingView.swift in Sources */,
				3377C9372A2F3B79007C7971 /* Time_TimeBoxPart.swift in Sources */,
			);
			runOnlyForDeploymentPostprocessing = 0;
		};
/* End PBXSourcesBuildPhase section */

/* Begin XCBuildConfiguration section */
		3388E51C2A2D534500A03C9B /* Debug */ = {
			isa = XCBuildConfiguration;
			buildSettings = {
				ALWAYS_SEARCH_USER_PATHS = NO;
				CLANG_ANALYZER_NONNULL = YES;
				CLANG_ANALYZER_NUMBER_OBJECT_CONVERSION = YES_AGGRESSIVE;
				CLANG_CXX_LANGUAGE_STANDARD = "gnu++20";
				CLANG_ENABLE_MODULES = YES;
				CLANG_ENABLE_OBJC_ARC = YES;
				CLANG_ENABLE_OBJC_WEAK = YES;
				CLANG_WARN_BLOCK_CAPTURE_AUTORELEASING = YES;
				CLANG_WARN_BOOL_CONVERSION = YES;
				CLANG_WARN_COMMA = YES;
				CLANG_WARN_CONSTANT_CONVERSION = YES;
				CLANG_WARN_DEPRECATED_OBJC_IMPLEMENTATIONS = YES;
				CLANG_WARN_DIRECT_OBJC_ISA_USAGE = YES_ERROR;
				CLANG_WARN_DOCUMENTATION_COMMENTS = YES;
				CLANG_WARN_EMPTY_BODY = YES;
				CLANG_WARN_ENUM_CONVERSION = YES;
				CLANG_WARN_INFINITE_RECURSION = YES;
				CLANG_WARN_INT_CONVERSION = YES;
				CLANG_WARN_NON_LITERAL_NULL_CONVERSION = YES;
				CLANG_WARN_OBJC_IMPLICIT_RETAIN_SELF = YES;
				CLANG_WARN_OBJC_LITERAL_CONVERSION = YES;
				CLANG_WARN_OBJC_ROOT_CLASS = YES_ERROR;
				CLANG_WARN_QUOTED_INCLUDE_IN_FRAMEWORK_HEADER = YES;
				CLANG_WARN_RANGE_LOOP_ANALYSIS = YES;
				CLANG_WARN_STRICT_PROTOTYPES = YES;
				CLANG_WARN_SUSPICIOUS_MOVE = YES;
				CLANG_WARN_UNGUARDED_AVAILABILITY = YES_AGGRESSIVE;
				CLANG_WARN_UNREACHABLE_CODE = YES;
				CLANG_WARN__DUPLICATE_METHOD_MATCH = YES;
				COPY_PHASE_STRIP = NO;
				DEBUG_INFORMATION_FORMAT = dwarf;
				ENABLE_STRICT_OBJC_MSGSEND = YES;
				ENABLE_TESTABILITY = YES;
				GCC_C_LANGUAGE_STANDARD = gnu11;
				GCC_DYNAMIC_NO_PIC = NO;
				GCC_NO_COMMON_BLOCKS = YES;
				GCC_OPTIMIZATION_LEVEL = 0;
				GCC_PREPROCESSOR_DEFINITIONS = (
					"DEBUG=1",
					"$(inherited)",
				);
				GCC_WARN_64_TO_32_BIT_CONVERSION = YES;
				GCC_WARN_ABOUT_RETURN_TYPE = YES_ERROR;
				GCC_WARN_UNDECLARED_SELECTOR = YES;
				GCC_WARN_UNINITIALIZED_AUTOS = YES_AGGRESSIVE;
				GCC_WARN_UNUSED_FUNCTION = YES;
				GCC_WARN_UNUSED_VARIABLE = YES;
				IPHONEOS_DEPLOYMENT_TARGET = 16.4;
				MTL_ENABLE_DEBUG_INFO = INCLUDE_SOURCE;
				MTL_FAST_MATH = YES;
				ONLY_ACTIVE_ARCH = YES;
				SDKROOT = iphoneos;
				SWIFT_ACTIVE_COMPILATION_CONDITIONS = DEBUG;
				SWIFT_OPTIMIZATION_LEVEL = "-Onone";
			};
			name = Debug;
		};
		3388E51D2A2D534500A03C9B /* Release */ = {
			isa = XCBuildConfiguration;
			buildSettings = {
				ALWAYS_SEARCH_USER_PATHS = NO;
				CLANG_ANALYZER_NONNULL = YES;
				CLANG_ANALYZER_NUMBER_OBJECT_CONVERSION = YES_AGGRESSIVE;
				CLANG_CXX_LANGUAGE_STANDARD = "gnu++20";
				CLANG_ENABLE_MODULES = YES;
				CLANG_ENABLE_OBJC_ARC = YES;
				CLANG_ENABLE_OBJC_WEAK = YES;
				CLANG_WARN_BLOCK_CAPTURE_AUTORELEASING = YES;
				CLANG_WARN_BOOL_CONVERSION = YES;
				CLANG_WARN_COMMA = YES;
				CLANG_WARN_CONSTANT_CONVERSION = YES;
				CLANG_WARN_DEPRECATED_OBJC_IMPLEMENTATIONS = YES;
				CLANG_WARN_DIRECT_OBJC_ISA_USAGE = YES_ERROR;
				CLANG_WARN_DOCUMENTATION_COMMENTS = YES;
				CLANG_WARN_EMPTY_BODY = YES;
				CLANG_WARN_ENUM_CONVERSION = YES;
				CLANG_WARN_INFINITE_RECURSION = YES;
				CLANG_WARN_INT_CONVERSION = YES;
				CLANG_WARN_NON_LITERAL_NULL_CONVERSION = YES;
				CLANG_WARN_OBJC_IMPLICIT_RETAIN_SELF = YES;
				CLANG_WARN_OBJC_LITERAL_CONVERSION = YES;
				CLANG_WARN_OBJC_ROOT_CLASS = YES_ERROR;
				CLANG_WARN_QUOTED_INCLUDE_IN_FRAMEWORK_HEADER = YES;
				CLANG_WARN_RANGE_LOOP_ANALYSIS = YES;
				CLANG_WARN_STRICT_PROTOTYPES = YES;
				CLANG_WARN_SUSPICIOUS_MOVE = YES;
				CLANG_WARN_UNGUARDED_AVAILABILITY = YES_AGGRESSIVE;
				CLANG_WARN_UNREACHABLE_CODE = YES;
				CLANG_WARN__DUPLICATE_METHOD_MATCH = YES;
				COPY_PHASE_STRIP = NO;
				DEBUG_INFORMATION_FORMAT = "dwarf-with-dsym";
				ENABLE_NS_ASSERTIONS = NO;
				ENABLE_STRICT_OBJC_MSGSEND = YES;
				GCC_C_LANGUAGE_STANDARD = gnu11;
				GCC_NO_COMMON_BLOCKS = YES;
				GCC_WARN_64_TO_32_BIT_CONVERSION = YES;
				GCC_WARN_ABOUT_RETURN_TYPE = YES_ERROR;
				GCC_WARN_UNDECLARED_SELECTOR = YES;
				GCC_WARN_UNINITIALIZED_AUTOS = YES_AGGRESSIVE;
				GCC_WARN_UNUSED_FUNCTION = YES;
				GCC_WARN_UNUSED_VARIABLE = YES;
				IPHONEOS_DEPLOYMENT_TARGET = 16.4;
				MTL_ENABLE_DEBUG_INFO = NO;
				MTL_FAST_MATH = YES;
				SDKROOT = iphoneos;
				SWIFT_COMPILATION_MODE = wholemodule;
				SWIFT_OPTIMIZATION_LEVEL = "-O";
				VALIDATE_PRODUCT = YES;
			};
			name = Release;
		};
		3388E51F2A2D534500A03C9B /* Debug */ = {
			isa = XCBuildConfiguration;
			buildSettings = {
				ASSETCATALOG_COMPILER_APPICON_NAME = AppIcon;
				ASSETCATALOG_COMPILER_GLOBAL_ACCENT_COLOR_NAME = AccentColor;
				CODE_SIGN_STYLE = Automatic;
				CURRENT_PROJECT_VERSION = 1;
				DEVELOPMENT_ASSET_PATHS = "\"Gi/Preview Content\"";
				DEVELOPMENT_TEAM = 97PH923V3Q;
				ENABLE_PREVIEWS = YES;
				GENERATE_INFOPLIST_FILE = YES;
				INFOPLIST_KEY_UIApplicationSceneManifest_Generation = YES;
				INFOPLIST_KEY_UIApplicationSupportsIndirectInputEvents = YES;
				INFOPLIST_KEY_UILaunchScreen_Generation = YES;
				INFOPLIST_KEY_UISupportedInterfaceOrientations_iPad = "UIInterfaceOrientationPortrait UIInterfaceOrientationPortraitUpsideDown UIInterfaceOrientationLandscapeLeft UIInterfaceOrientationLandscapeRight";
				INFOPLIST_KEY_UISupportedInterfaceOrientations_iPhone = "UIInterfaceOrientationPortrait UIInterfaceOrientationLandscapeLeft UIInterfaceOrientationLandscapeRight";
				LD_RUNPATH_SEARCH_PATHS = (
					"$(inherited)",
					"@executable_path/Frameworks",
				);
				MARKETING_VERSION = 1.0;
				PRODUCT_BUNDLE_IDENTIFIER = com.lens.Gi;
				PRODUCT_NAME = "$(TARGET_NAME)";
				SWIFT_EMIT_LOC_STRINGS = YES;
				SWIFT_VERSION = 5.0;
				TARGETED_DEVICE_FAMILY = "1,2";
			};
			name = Debug;
		};
		3388E5202A2D534500A03C9B /* Release */ = {
			isa = XCBuildConfiguration;
			buildSettings = {
				ASSETCATALOG_COMPILER_APPICON_NAME = AppIcon;
				ASSETCATALOG_COMPILER_GLOBAL_ACCENT_COLOR_NAME = AccentColor;
				CODE_SIGN_STYLE = Automatic;
				CURRENT_PROJECT_VERSION = 1;
				DEVELOPMENT_ASSET_PATHS = "\"Gi/Preview Content\"";
				DEVELOPMENT_TEAM = 97PH923V3Q;
				ENABLE_PREVIEWS = YES;
				GENERATE_INFOPLIST_FILE = YES;
				INFOPLIST_KEY_UIApplicationSceneManifest_Generation = YES;
				INFOPLIST_KEY_UIApplicationSupportsIndirectInputEvents = YES;
				INFOPLIST_KEY_UILaunchScreen_Generation = YES;
				INFOPLIST_KEY_UISupportedInterfaceOrientations_iPad = "UIInterfaceOrientationPortrait UIInterfaceOrientationPortraitUpsideDown UIInterfaceOrientationLandscapeLeft UIInterfaceOrientationLandscapeRight";
				INFOPLIST_KEY_UISupportedInterfaceOrientations_iPhone = "UIInterfaceOrientationPortrait UIInterfaceOrientationLandscapeLeft UIInterfaceOrientationLandscapeRight";
				LD_RUNPATH_SEARCH_PATHS = (
					"$(inherited)",
					"@executable_path/Frameworks",
				);
				MARKETING_VERSION = 1.0;
				PRODUCT_BUNDLE_IDENTIFIER = com.lens.Gi;
				PRODUCT_NAME = "$(TARGET_NAME)";
				SWIFT_EMIT_LOC_STRINGS = YES;
				SWIFT_VERSION = 5.0;
				TARGETED_DEVICE_FAMILY = "1,2";
			};
			name = Release;
		};
/* End XCBuildConfiguration section */

/* Begin XCConfigurationList section */
		3388E50B2A2D534300A03C9B /* Build configuration list for PBXProject "Gi" */ = {
			isa = XCConfigurationList;
			buildConfigurations = (
				3388E51C2A2D534500A03C9B /* Debug */,
				3388E51D2A2D534500A03C9B /* Release */,
			);
			defaultConfigurationIsVisible = 0;
			defaultConfigurationName = Release;
		};
		3388E51E2A2D534500A03C9B /* Build configuration list for PBXNativeTarget "Gi" */ = {
			isa = XCConfigurationList;
			buildConfigurations = (
				3388E51F2A2D534500A03C9B /* Debug */,
				3388E5202A2D534500A03C9B /* Release */,
			);
			defaultConfigurationIsVisible = 0;
			defaultConfigurationName = Release;
		};
/* End XCConfigurationList section */
	};
	rootObject = 3388E5082A2D534300A03C9B /* Project object */;
}
